
Microsoft Visual Studio Solution File, Format Version 12.00
# Visual Studio Version 17
VisualStudioVersion = 17.3.32929.385
MinimumVisualStudioVersion = 10.0.40219.1
Project("{FAE04EC0-301F-11D3-BF4B-00C04F79EFBC}") = "ThreadsTasks", "ThreadsTasks\ThreadsTasks.csproj", "{FBBD289E-1417-4793-AB7A-EBE0AC4F567C}"
EndProject
Global
	GlobalSection(SolutionConfigurationPlatforms) = preSolution
		Debug|Any CPU = Debug|Any CPU
		Release|Any CPU = Release|Any CPU
	EndGlobalSection
	GlobalSection(ProjectConfigurationPlatforms) = postSolution
		{FBBD289E-1417-4793-AB7A-EBE0AC4F567C}.Debug|Any CPU.ActiveCfg = Debug|Any CPU
		{FBBD289E-1417-4793-AB7A-EBE0AC4F567C}.Debug|Any CPU.Build.0 = Debug|Any CPU
		{FBBD289E-1417-4793-AB7A-EBE0AC4F567C}.Release|Any CPU.ActiveCfg = Release|Any CPU
		{FBBD289E-1417-4793-AB7A-EBE0AC4F567C}.Release|Any CPU.Build.0 = Release|Any CPU
	EndGlobalSection
	GlobalSection(SolutionProperties) = preSolution
		HideSolutionNode = FALSE
	EndGlobalSection
	GlobalSection(ExtensibilityGlobals) = postSolution
		SolutionGuid = {2E840F2A-0836-4166-AD41-7F145678D073}
	EndGlobalSection
EndGlobal
